
Microsoft Visual Studio Solution File, Format Version 12.00
Project("{FAE04EC0-301F-11D3-BF4B-00C04F79EFBC}") = "Model", "Model\Model.csproj", "{4ABB7169-B61B-435E-9215-A9EDE3384727}"
EndProject
Project("{FAE04EC0-301F-11D3-BF4B-00C04F79EFBC}") = "ModelTests", "ModelTests\ModelTests.csproj", "{AEC4DA9F-E267-478C-A793-B80D95E571CC}"
EndProject
Project("{FAE04EC0-301F-11D3-BF4B-00C04F79EFBC}") = "UserInterface", "UserInterface\UserInterface.csproj", "{3D8444FF-79A2-4572-9F1F-913D1DDFB2C9}"
EndProject
Project("{FAE04EC0-301F-11D3-BF4B-00C04F79EFBC}") = "Repositories", "Repositories\Repositories.csproj", "{12E07FF5-56EF-4A7F-BB07-AB77B312E1D0}"
EndProject
Project("{FAE04EC0-301F-11D3-BF4B-00C04F79EFBC}") = "RepositoriesTests", "RepositoriesTests\RepositoriesTests.csproj", "{351A6EF7-F9E6-4B99-A911-9D86FBBE70E1}"
EndProject
Project("{FAE04EC0-301F-11D3-BF4B-00C04F79EFBC}") = "Logic", "Logic\Logic.csproj", "{4722E4C6-0C65-4772-967C-5AA59F9C70B2}"
EndProject
Project("{FAE04EC0-301F-11D3-BF4B-00C04F79EFBC}") = "RepositoriesInterface", "RepositoriesInterface\RepositoriesInterface.csproj", "{BFEFB51F-B5B6-4DD9-BEE6-7E89F97D8945}"
EndProject
Project("{FAE04EC0-301F-11D3-BF4B-00C04F79EFBC}") = "LogicTests", "LogicTests\LogicTests.csproj", "{25D89C80-6974-4D38-8F19-96EA008CDDA3}"
EndProject
Project("{FAE04EC0-301F-11D3-BF4B-00C04F79EFBC}") = "DataAccess", "DataAccess\DataAccess.csproj", "{BD3A1FA9-A28F-4847-952B-35CE6BF1B15D}"
EndProject
Project("{FAE04EC0-301F-11D3-BF4B-00C04F79EFBC}") = "DataAccessTests", "DataAccessTests\DataAccessTests.csproj", "{C52620D9-7429-4900-BDA1-FB1EFE76BA12}"
EndProject
Project("{FAE04EC0-301F-11D3-BF4B-00C04F79EFBC}") = "ControllerTests", "ControllerTests\ControllerTests.csproj", "{35A42516-A18B-4D71-9E5D-C73C72B3C1B7}"
EndProject
Project("{FAE04EC0-301F-11D3-BF4B-00C04F79EFBC}") = "Controllers", "Controllers\Controllers.csproj", "{24489516-CCB4-44C6-A767-F52B1CFF342A}"
EndProject
Global
	GlobalSection(SolutionConfigurationPlatforms) = preSolution
		Debug|Any CPU = Debug|Any CPU
		Release|Any CPU = Release|Any CPU
	EndGlobalSection
	GlobalSection(ProjectConfigurationPlatforms) = postSolution
		{4ABB7169-B61B-435E-9215-A9EDE3384727}.Debug|Any CPU.ActiveCfg = Debug|Any CPU
		{4ABB7169-B61B-435E-9215-A9EDE3384727}.Debug|Any CPU.Build.0 = Debug|Any CPU
		{4ABB7169-B61B-435E-9215-A9EDE3384727}.Release|Any CPU.ActiveCfg = Release|Any CPU
		{4ABB7169-B61B-435E-9215-A9EDE3384727}.Release|Any CPU.Build.0 = Release|Any CPU
		{AEC4DA9F-E267-478C-A793-B80D95E571CC}.Debug|Any CPU.ActiveCfg = Debug|Any CPU
		{AEC4DA9F-E267-478C-A793-B80D95E571CC}.Debug|Any CPU.Build.0 = Debug|Any CPU
		{AEC4DA9F-E267-478C-A793-B80D95E571CC}.Release|Any CPU.ActiveCfg = Release|Any CPU
		{AEC4DA9F-E267-478C-A793-B80D95E571CC}.Release|Any CPU.Build.0 = Release|Any CPU
		{3D8444FF-79A2-4572-9F1F-913D1DDFB2C9}.Debug|Any CPU.ActiveCfg = Debug|Any CPU
		{3D8444FF-79A2-4572-9F1F-913D1DDFB2C9}.Debug|Any CPU.Build.0 = Debug|Any CPU
		{3D8444FF-79A2-4572-9F1F-913D1DDFB2C9}.Release|Any CPU.ActiveCfg = Release|Any CPU
		{3D8444FF-79A2-4572-9F1F-913D1DDFB2C9}.Release|Any CPU.Build.0 = Release|Any CPU
		{12E07FF5-56EF-4A7F-BB07-AB77B312E1D0}.Debug|Any CPU.ActiveCfg = Debug|Any CPU
		{12E07FF5-56EF-4A7F-BB07-AB77B312E1D0}.Debug|Any CPU.Build.0 = Debug|Any CPU
		{12E07FF5-56EF-4A7F-BB07-AB77B312E1D0}.Release|Any CPU.ActiveCfg = Release|Any CPU
		{12E07FF5-56EF-4A7F-BB07-AB77B312E1D0}.Release|Any CPU.Build.0 = Release|Any CPU
		{351A6EF7-F9E6-4B99-A911-9D86FBBE70E1}.Debug|Any CPU.ActiveCfg = Debug|Any CPU
		{351A6EF7-F9E6-4B99-A911-9D86FBBE70E1}.Debug|Any CPU.Build.0 = Debug|Any CPU
		{351A6EF7-F9E6-4B99-A911-9D86FBBE70E1}.Release|Any CPU.ActiveCfg = Release|Any CPU
		{351A6EF7-F9E6-4B99-A911-9D86FBBE70E1}.Release|Any CPU.Build.0 = Release|Any CPU
		{4722E4C6-0C65-4772-967C-5AA59F9C70B2}.Debug|Any CPU.ActiveCfg = Debug|Any CPU
		{4722E4C6-0C65-4772-967C-5AA59F9C70B2}.Debug|Any CPU.Build.0 = Debug|Any CPU
		{4722E4C6-0C65-4772-967C-5AA59F9C70B2}.Release|Any CPU.ActiveCfg = Release|Any CPU
		{4722E4C6-0C65-4772-967C-5AA59F9C70B2}.Release|Any CPU.Build.0 = Release|Any CPU
		{BFEFB51F-B5B6-4DD9-BEE6-7E89F97D8945}.Debug|Any CPU.ActiveCfg = Debug|Any CPU
		{BFEFB51F-B5B6-4DD9-BEE6-7E89F97D8945}.Debug|Any CPU.Build.0 = Debug|Any CPU
		{BFEFB51F-B5B6-4DD9-BEE6-7E89F97D8945}.Release|Any CPU.ActiveCfg = Release|Any CPU
		{BFEFB51F-B5B6-4DD9-BEE6-7E89F97D8945}.Release|Any CPU.Build.0 = Release|Any CPU
		{25D89C80-6974-4D38-8F19-96EA008CDDA3}.Debug|Any CPU.ActiveCfg = Debug|Any CPU
		{25D89C80-6974-4D38-8F19-96EA008CDDA3}.Debug|Any CPU.Build.0 = Debug|Any CPU
		{25D89C80-6974-4D38-8F19-96EA008CDDA3}.Release|Any CPU.ActiveCfg = Release|Any CPU
		{25D89C80-6974-4D38-8F19-96EA008CDDA3}.Release|Any CPU.Build.0 = Release|Any CPU
		{BD3A1FA9-A28F-4847-952B-35CE6BF1B15D}.Debug|Any CPU.ActiveCfg = Debug|Any CPU
		{BD3A1FA9-A28F-4847-952B-35CE6BF1B15D}.Debug|Any CPU.Build.0 = Debug|Any CPU
		{BD3A1FA9-A28F-4847-952B-35CE6BF1B15D}.Release|Any CPU.ActiveCfg = Release|Any CPU
		{BD3A1FA9-A28F-4847-952B-35CE6BF1B15D}.Release|Any CPU.Build.0 = Release|Any CPU
		{C52620D9-7429-4900-BDA1-FB1EFE76BA12}.Debug|Any CPU.ActiveCfg = Debug|Any CPU
		{C52620D9-7429-4900-BDA1-FB1EFE76BA12}.Debug|Any CPU.Build.0 = Debug|Any CPU
		{C52620D9-7429-4900-BDA1-FB1EFE76BA12}.Release|Any CPU.ActiveCfg = Release|Any CPU
		{C52620D9-7429-4900-BDA1-FB1EFE76BA12}.Release|Any CPU.Build.0 = Release|Any CPU
		{35A42516-A18B-4D71-9E5D-C73C72B3C1B7}.Debug|Any CPU.ActiveCfg = Debug|Any CPU
		{35A42516-A18B-4D71-9E5D-C73C72B3C1B7}.Debug|Any CPU.Build.0 = Debug|Any CPU
		{35A42516-A18B-4D71-9E5D-C73C72B3C1B7}.Release|Any CPU.ActiveCfg = Release|Any CPU
		{35A42516-A18B-4D71-9E5D-C73C72B3C1B7}.Release|Any CPU.Build.0 = Release|Any CPU
		{24489516-CCB4-44C6-A767-F52B1CFF342A}.Debug|Any CPU.ActiveCfg = Debug|Any CPU
		{24489516-CCB4-44C6-A767-F52B1CFF342A}.Debug|Any CPU.Build.0 = Debug|Any CPU
		{24489516-CCB4-44C6-A767-F52B1CFF342A}.Release|Any CPU.ActiveCfg = Release|Any CPU
		{24489516-CCB4-44C6-A767-F52B1CFF342A}.Release|Any CPU.Build.0 = Release|Any CPU
	EndGlobalSection
EndGlobal
